
Microsoft Visual Studio Solution File, Format Version 12.00
# Visual Studio Version 17
VisualStudioVersion = 17.4.33205.214
MinimumVisualStudioVersion = 10.0.40219.1
Project("{FAE04EC0-301F-11D3-BF4B-00C04F79EFBC}") = "eCommerce", "eCommerce\eCommerce.csproj", "{B2BC7089-13E9-41A0-BA24-572D050A06AC}"
EndProject
Global
	GlobalSection(SolutionConfigurationPlatforms) = preSolution
		Debug|Any CPU = Debug|Any CPU
		Release|Any CPU = Release|Any CPU
	EndGlobalSection
	GlobalSection(ProjectConfigurationPlatforms) = postSolution
		{B2BC7089-13E9-41A0-BA24-572D050A06AC}.Debug|Any CPU.ActiveCfg = Debug|Any CPU
		{B2BC7089-13E9-41A0-BA24-572D050A06AC}.Debug|Any CPU.Build.0 = Debug|Any CPU
		{B2BC7089-13E9-41A0-BA24-572D050A06AC}.Release|Any CPU.ActiveCfg = Release|Any CPU
		{B2BC7089-13E9-41A0-BA24-572D050A06AC}.Release|Any CPU.Build.0 = Release|Any CPU
	EndGlobalSection
	GlobalSection(SolutionProperties) = preSolution
		HideSolutionNode = FALSE
	EndGlobalSection
	GlobalSection(ExtensibilityGlobals) = postSolution
		SolutionGuid = {930D3ADB-A7F1-40C8-9B0C-5DD57491C1DD}
	EndGlobalSection
EndGlobal
